
Microsoft Visual Studio Solution File, Format Version 12.00
# Visual Studio Version 17
VisualStudioVersion = 17.14.36915.13 d17.14
MinimumVisualStudioVersion = 10.0.40219.1
Project("{FAE04EC0-301F-11D3-BF4B-00C04F79EFBC}") = "ConsoleApp1", "ConsoleApp1\ConsoleApp1.csproj", "{CA8EA919-8AF4-4CAC-AFBB-A3F10337E61F}"
EndProject
Global
	GlobalSection(SolutionConfigurationPlatforms) = preSolution
		Debug|Any CPU = Debug|Any CPU
		Release|Any CPU = Release|Any CPU
	EndGlobalSection
	GlobalSection(ProjectConfigurationPlatforms) = postSolution
		{CA8EA919-8AF4-4CAC-AFBB-A3F10337E61F}.Debug|Any CPU.ActiveCfg = Debug|Any CPU
		{CA8EA919-8AF4-4CAC-AFBB-A3F10337E61F}.Debug|Any CPU.Build.0 = Debug|Any CPU
		{CA8EA919-8AF4-4CAC-AFBB-A3F10337E61F}.Release|Any CPU.ActiveCfg = Release|Any CPU
		{CA8EA919-8AF4-4CAC-AFBB-A3F10337E61F}.Release|Any CPU.Build.0 = Release|Any CPU
	EndGlobalSection
	GlobalSection(SolutionProperties) = preSolution
		HideSolutionNode = FALSE
	EndGlobalSection
	GlobalSection(ExtensibilityGlobals) = postSolution
		SolutionGuid = {4FACE78C-492F-4329-A5BD-CF17EE0812E0}
	EndGlobalSection
EndGlobal
